
Microsoft Visual Studio Solution File, Format Version 12.00
# Visual Studio Version 17
VisualStudioVersion = 17.11.35222.181
MinimumVisualStudioVersion = 10.0.40219.1
Project("{8BC9CEB8-8B4A-11D0-8D11-00A0C91BC942}") = "CandyRainC++", "CandyRainC++.vcxproj", "{04526922-0791-4A8B-AA42-CC22CAD893D7}"
EndProject
Global
	GlobalSection(SolutionConfigurationPlatforms) = preSolution
		Debug|x64 = Debug|x64
		Debug|x86 = Debug|x86
		Release|x64 = Release|x64
		Release|x86 = Release|x86
	EndGlobalSection
	GlobalSection(ProjectConfigurationPlatforms) = postSolution
		{04526922-0791-4A8B-AA42-CC22CAD893D7}.Debug|x64.ActiveCfg = Debug|x64
		{04526922-0791-4A8B-AA42-CC22CAD893D7}.Debug|x64.Build.0 = Debug|x64
		{04526922-0791-4A8B-AA42-CC22CAD893D7}.Debug|x86.ActiveCfg = Debug|Win32
		{04526922-0791-4A8B-AA42-CC22CAD893D7}.Debug|x86.Build.0 = Debug|Win32
		{04526922-0791-4A8B-AA42-CC22CAD893D7}.Release|x64.ActiveCfg = Release|x64
		{04526922-0791-4A8B-AA42-CC22CAD893D7}.Release|x64.Build.0 = Release|x64
		{04526922-0791-4A8B-AA42-CC22CAD893D7}.Release|x86.ActiveCfg = Release|Win32
		{04526922-0791-4A8B-AA42-CC22CAD893D7}.Release|x86.Build.0 = Release|Win32
	EndGlobalSection
	GlobalSection(SolutionProperties) = preSolution
		HideSolutionNode = FALSE
	EndGlobalSection
	GlobalSection(ExtensibilityGlobals) = postSolution
		SolutionGuid = {1C0274CD-DC2E-481A-A377-FB5B96FDF462}
	EndGlobalSection
EndGlobal
